
Microsoft Visual Studio Solution File, Format Version 12.00
# Visual Studio Version 16
VisualStudioVersion = 16.0.30804.86
MinimumVisualStudioVersion = 10.0.40219.1
Project("{FAE04EC0-301F-11D3-BF4B-00C04F79EFBC}") = "WebAppli1", "WebAppli1\WebAppli1.csproj", "{7E671FE4-70EB-4796-92EC-FA01F048AACF}"
EndProject
Global
	GlobalSection(SolutionConfigurationPlatforms) = preSolution
		Debug|Any CPU = Debug|Any CPU
		Release|Any CPU = Release|Any CPU
	EndGlobalSection
	GlobalSection(ProjectConfigurationPlatforms) = postSolution
		{7E671FE4-70EB-4796-92EC-FA01F048AACF}.Debug|Any CPU.ActiveCfg = Debug|Any CPU
		{7E671FE4-70EB-4796-92EC-FA01F048AACF}.Debug|Any CPU.Build.0 = Debug|Any CPU
		{7E671FE4-70EB-4796-92EC-FA01F048AACF}.Release|Any CPU.ActiveCfg = Release|Any CPU
		{7E671FE4-70EB-4796-92EC-FA01F048AACF}.Release|Any CPU.Build.0 = Release|Any CPU
	EndGlobalSection
	GlobalSection(SolutionProperties) = preSolution
		HideSolutionNode = FALSE
	EndGlobalSection
	GlobalSection(ExtensibilityGlobals) = postSolution
		SolutionGuid = {BF3A32B5-D8B6-4F9C-B86D-DD284D21A853}
	EndGlobalSection
EndGlobal
